// !$*UTF8*$!
{
	archiveVersion = 1;
	classes = {
	};
	objectVersion = 46;
	objects = {

/* Begin PBXBuildFile section */
		A9FE892819E778E200A8A570 /* Foundation.framework in Frameworks */ = {isa = PBXBuildFile; fileRef = A9FE892719E778E200A8A570 /* Foundation.framework */; };
		A9FE892A19E778E200A8A570 /* CoreGraphics.framework in Frameworks */ = {isa = PBXBuildFile; fileRef = A9FE892919E778E200A8A570 /* CoreGraphics.framework */; };
		A9FE892C19E778E200A8A570 /* UIKit.framework in Frameworks */ = {isa = PBXBuildFile; fileRef = A9FE892B19E778E200A8A570 /* UIKit.framework */; };
		A9FE893219E778E200A8A570 /* InfoPlist.strings in Resources */ = {isa = PBXBuildFile; fileRef = A9FE893019E778E200A8A570 /* InfoPlist.strings */; };
		A9FE893419E778E200A8A570 /* main.m in Sources */ = {isa = PBXBuildFile; fileRef = A9FE893319E778E200A8A570 /* main.m */; };
		A9FE894119E778E200A8A570 /* MPViewController.m in Sources */ = {isa = PBXBuildFile; fileRef = A9FE894019E778E200A8A570 /* MPViewController.m */; };
		A9FE894319E778E200A8A570 /* Images.xcassets in Resources */ = {isa = PBXBuildFile; fileRef = A9FE894219E778E200A8A570 /* Images.xcassets */; };
		A9FE894A19E778E200A8A570 /* XCTest.framework in Frameworks */ = {isa = PBXBuildFile; fileRef = A9FE894919E778E200A8A570 /* XCTest.framework */; };
		A9FE894B19E778E200A8A570 /* Foundation.framework in Frameworks */ = {isa = PBXBuildFile; fileRef = A9FE892719E778E200A8A570 /* Foundation.framework */; };
		A9FE894C19E778E200A8A570 /* UIKit.framework in Frameworks */ = {isa = PBXBuildFile; fileRef = A9FE892B19E778E200A8A570 /* UIKit.framework */; };
		A9FE895419E778E200A8A570 /* InfoPlist.strings in Resources */ = {isa = PBXBuildFile; fileRef = A9FE895219E778E200A8A570 /* InfoPlist.strings */; };
		A9FE895619E778E200A8A570 /* MyAppTempTests.m in Sources */ = {isa = PBXBuildFile; fileRef = A9FE895519E778E200A8A570 /* MyAppTempTests.m */; };
		A9FE896519E7794E00A8A570 /* MPAppDelegate.m in Sources */ = {isa = PBXBuildFile; fileRef = A9FE896219E7794E00A8A570 /* MPAppDelegate.m */; };
		A9FE896919E7798500A8A570 /* Main_iPad.storyboard in Resources */ = {isa = PBXBuildFile; fileRef = A9FE896719E7798500A8A570 /* Main_iPad.storyboard */; };
		A9FE896A19E7798500A8A570 /* Main_iPhone.storyboard in Resources */ = {isa = PBXBuildFile; fileRef = A9FE896819E7798500A8A570 /* Main_iPhone.storyboard */; };
		A9FE896E19E779E800A8A570 /* MPSplashViewController.m in Sources */ = {isa = PBXBuildFile; fileRef = A9FE896D19E779E800A8A570 /* MPSplashViewController.m */; };
/* End PBXBuildFile section */

/* Begin PBXContainerItemProxy section */
		A9FE894D19E778E200A8A570 /* PBXContainerItemProxy */ = {
			isa = PBXContainerItemProxy;
			containerPortal = A9FE891C19E778E200A8A570 /* Project object */;
			proxyType = 1;
			remoteGlobalIDString = A9FE892319E778E200A8A570;
			remoteInfo = MyAppTemp;
		};
/* End PBXContainerItemProxy section */

/* Begin PBXFileReference section */
		A9FE892419E778E200A8A570 /* MyAppTemp.app */ = {isa = PBXFileReference; explicitFileType = wrapper.application; includeInIndex = 0; path = MyAppTemp.app; sourceTree = BUILT_PRODUCTS_DIR; };
		A9FE892719E778E200A8A570 /* Foundation.framework */ = {isa = PBXFileReference; lastKnownFileType = wrapper.framework; name = Foundation.framework; path = System/Library/Frameworks/Foundation.framework; sourceTree = SDKROOT; };
		A9FE892919E778E200A8A570 /* CoreGraphics.framework */ = {isa = PBXFileReference; lastKnownFileType = wrapper.framework; name = CoreGraphics.framework; path = System/Library/Frameworks/CoreGraphics.framework; sourceTree = SDKROOT; };
		A9FE892B19E778E200A8A570 /* UIKit.framework */ = {isa = PBXFileReference; lastKnownFileType = wrapper.framework; name = UIKit.framework; path = System/Library/Frameworks/UIKit.framework; sourceTree = SDKROOT; };
		A9FE892F19E778E200A8A570 /* MyAppTemp-Info.plist */ = {isa = PBXFileReference; lastKnownFileType = text.plist.xml; path = "MyAppTemp-Info.plist"; sourceTree = "<group>"; };
		A9FE893119E778E200A8A570 /* en */ = {isa = PBXFileReference; lastKnownFileType = text.plist.strings; name = en; path = en.lproj/InfoPlist.strings; sourceTree = "<group>"; };
		A9FE893319E778E200A8A570 /* main.m */ = {isa = PBXFileReference; lastKnownFileType = sourcecode.c.objc; path = main.m; sourceTree = "<group>"; };
		A9FE893519E778E200A8A570 /* MyAppTemp-Prefix.pch */ = {isa = PBXFileReference; lastKnownFileType = sourcecode.c.h; path = "MyAppTemp-Prefix.pch"; sourceTree = "<group>"; };
		A9FE893F19E778E200A8A570 /* MPViewController.h */ = {isa = PBXFileReference; lastKnownFileType = sourcecode.c.h; path = MPViewController.h; sourceTree = "<group>"; };
		A9FE894019E778E200A8A570 /* MPViewController.m */ = {isa = PBXFileReference; lastKnownFileType = sourcecode.c.objc; path = MPViewController.m; sourceTree = "<group>"; };
		A9FE894219E778E200A8A570 /* Images.xcassets */ = {isa = PBXFileReference; lastKnownFileType = folder.assetcatalog; path = Images.xcassets; sourceTree = "<group>"; };
		A9FE894819E778E200A8A570 /* MyAppTempTests.xctest */ = {isa = PBXFileReference; explicitFileType = wrapper.cfbundle; includeInIndex = 0; path = MyAppTempTests.xctest; sourceTree = BUILT_PRODUCTS_DIR; };
		A9FE894919E778E200A8A570 /* XCTest.framework */ = {isa = PBXFileReference; lastKnownFileType = wrapper.framework; name = XCTest.framework; path = Library/Frameworks/XCTest.framework; sourceTree = DEVELOPER_DIR; };
		A9FE895119E778E200A8A570 /* MyAppTempTests-Info.plist */ = {isa = PBXFileReference; lastKnownFileType = text.plist.xml; path = "MyAppTempTests-Info.plist"; sourceTree = "<group>"; };
		A9FE895319E778E200A8A570 /* en */ = {isa = PBXFileReference; lastKnownFileType = text.plist.strings; name = en; path = en.lproj/InfoPlist.strings; sourceTree = "<group>"; };
		A9FE895519E778E200A8A570 /* MyAppTempTests.m */ = {isa = PBXFileReference; lastKnownFileType = sourcecode.c.objc; path = MyAppTempTests.m; sourceTree = "<group>"; };
		A9FE896119E7794E00A8A570 /* MPAppDelegate.h */ = {isa = PBXFileReference; fileEncoding = 4; lastKnownFileType = sourcecode.c.h; path = MPAppDelegate.h; sourceTree = "<group>"; };
		A9FE896219E7794E00A8A570 /* MPAppDelegate.m */ = {isa = PBXFileReference; fileEncoding = 4; lastKnownFileType = sourcecode.c.objc; path = MPAppDelegate.m; sourceTree = "<group>"; };
		A9FE896719E7798500A8A570 /* Main_iPad.storyboard */ = {isa = PBXFileReference; fileEncoding = 4; lastKnownFileType = file.storyboard; path = Main_iPad.storyboard; sourceTree = "<group>"; };
		A9FE896819E7798500A8A570 /* Main_iPhone.storyboard */ = {isa = PBXFileReference; fileEncoding = 4; lastKnownFileType = file.storyboard; path = Main_iPhone.storyboard; sourceTree = "<group>"; };
		A9FE896C19E779E800A8A570 /* MPSplashViewController.h */ = {isa = PBXFileReference; fileEncoding = 4; lastKnownFileType = sourcecode.c.h; path = MPSplashViewController.h; sourceTree = "<group>"; };
		A9FE896D19E779E800A8A570 /* MPSplashViewController.m */ = {isa = PBXFileReference; fileEncoding = 4; lastKnownFileType = sourcecode.c.objc; path = MPSplashViewController.m; sourceTree = "<group>"; };
/* End PBXFileReference section */

/* Begin PBXFrameworksBuildPhase section */
		A9FE892119E778E200A8A570 /* Frameworks */ = {
			isa = PBXFrameworksBuildPhase;
			buildActionMask = 2147483647;
			files = (
				A9FE892A19E778E200A8A570 /* CoreGraphics.framework in Frameworks */,
				A9FE892C19E778E200A8A570 /* UIKit.framework in Frameworks */,
				A9FE892819E778E200A8A570 /* Foundation.framework in Frameworks */,
			);
			runOnlyForDeploymentPostprocessing = 0;
		};
		A9FE894519E778E200A8A570 /* Frameworks */ = {
			isa = PBXFrameworksBuildPhase;
			buildActionMask = 2147483647;
			files = (
				A9FE894A19E778E200A8A570 /* XCTest.framework in Frameworks */,
				A9FE894C19E778E200A8A570 /* UIKit.framework in Frameworks */,
				A9FE894B19E778E200A8A570 /* Foundation.framework in Frameworks */,
			);
			runOnlyForDeploymentPostprocessing = 0;
		};
/* End PBXFrameworksBuildPhase section */

/* Begin PBXGroup section */
		A9FE891B19E778E200A8A570 = {
			isa = PBXGroup;
			children = (
				A9FE892D19E778E200A8A570 /* MyAppTemp */,
				A9FE894F19E778E200A8A570 /* MyAppTempTests */,
				A9FE892619E778E200A8A570 /* Frameworks */,
				A9FE892519E778E200A8A570 /* Products */,
			);
			sourceTree = "<group>";
		};
		A9FE892519E778E200A8A570 /* Products */ = {
			isa = PBXGroup;
			children = (
				A9FE892419E778E200A8A570 /* MyAppTemp.app */,
				A9FE894819E778E200A8A570 /* MyAppTempTests.xctest */,
			);
			name = Products;
			sourceTree = "<group>";
		};
		A9FE892619E778E200A8A570 /* Frameworks */ = {
			isa = PBXGroup;
			children = (
				A9FE892719E778E200A8A570 /* Foundation.framework */,
				A9FE892919E778E200A8A570 /* CoreGraphics.framework */,
				A9FE892B19E778E200A8A570 /* UIKit.framework */,
				A9FE894919E778E200A8A570 /* XCTest.framework */,
			);
			name = Frameworks;
			sourceTree = "<group>";
		};
		A9FE892D19E778E200A8A570 /* MyAppTemp */ = {
			isa = PBXGroup;
			children = (
				A9FE896619E7798500A8A570 /* StoryBoard */,
				A9FE895F19E7794E00A8A570 /* Classes */,
				A9FE896319E7794E00A8A570 /* Other classes */,
				A9FE896419E7794E00A8A570 /* Resourses */,
				A9FE893F19E778E200A8A570 /* MPViewController.h */,
				A9FE894019E778E200A8A570 /* MPViewController.m */,
				A9FE894219E778E200A8A570 /* Images.xcassets */,
				A9FE892E19E778E200A8A570 /* Supporting Files */,
			);
			path = MyAppTemp;
			sourceTree = "<group>";
		};
		A9FE892E19E778E200A8A570 /* Supporting Files */ = {
			isa = PBXGroup;
			children = (
				A9FE892F19E778E200A8A570 /* MyAppTemp-Info.plist */,
				A9FE893019E778E200A8A570 /* InfoPlist.strings */,
				A9FE893319E778E200A8A570 /* main.m */,
				A9FE893519E778E200A8A570 /* MyAppTemp-Prefix.pch */,
			);
			name = "Supporting Files";
			sourceTree = "<group>";
		};
		A9FE894F19E778E200A8A570 /* MyAppTempTests */ = {
			isa = PBXGroup;
			children = (
				A9FE895519E778E200A8A570 /* MyAppTempTests.m */,
				A9FE895019E778E200A8A570 /* Supporting Files */,
			);
			path = MyAppTempTests;
			sourceTree = "<group>";
		};
		A9FE895019E778E200A8A570 /* Supporting Files */ = {
			isa = PBXGroup;
			children = (
				A9FE895119E778E200A8A570 /* MyAppTempTests-Info.plist */,
				A9FE895219E778E200A8A570 /* InfoPlist.strings */,
			);
			name = "Supporting Files";
			sourceTree = "<group>";
		};
		A9FE895F19E7794E00A8A570 /* Classes */ = {
			isa = PBXGroup;
			children = (
				A9FE896B19E779D300A8A570 /* SplashViewController */,
				A9FE896019E7794E00A8A570 /* AppDelegate */,
			);
			path = Classes;
			sourceTree = "<group>";
		};
		A9FE896019E7794E00A8A570 /* AppDelegate */ = {
			isa = PBXGroup;
			children = (
				A9FE896119E7794E00A8A570 /* MPAppDelegate.h */,
				A9FE896219E7794E00A8A570 /* MPAppDelegate.m */,
			);
			path = AppDelegate;
			sourceTree = "<group>";
		};
		A9FE896319E7794E00A8A570 /* Other classes */ = {
			isa = PBXGroup;
			children = (
			);
			path = "Other classes";
			sourceTree = "<group>";
		};
		A9FE896419E7794E00A8A570 /* Resourses */ = {
			isa = PBXGroup;
			children = (
			);
			path = Resourses;
			sourceTree = "<group>";
		};
		A9FE896619E7798500A8A570 /* StoryBoard */ = {
			isa = PBXGroup;
			children = (
				A9FE896719E7798500A8A570 /* Main_iPad.storyboard */,
				A9FE896819E7798500A8A570 /* Main_iPhone.storyboard */,
			);
			path = StoryBoard;
			sourceTree = "<group>";
		};
		A9FE896B19E779D300A8A570 /* SplashViewController */ = {
			isa = PBXGroup;
			children = (
				A9FE896C19E779E800A8A570 /* MPSplashViewController.h */,
				A9FE896D19E779E800A8A570 /* MPSplashViewController.m */,
			);
			path = SplashViewController;
			sourceTree = "<group>";
		};
/* End PBXGroup section */

/* Begin PBXNativeTarget section */
		A9FE892319E778E200A8A570 /* MyAppTemp */ = {
			isa = PBXNativeTarget;
			buildConfigurationList = A9FE895919E778E200A8A570 /* Build configuration list for PBXNativeTarget "MyAppTemp" */;
			buildPhases = (
				A9FE892019E778E200A8A570 /* Sources */,
				A9FE892119E778E200A8A570 /* Frameworks */,
				A9FE892219E778E200A8A570 /* Resources */,
			);
			buildRules = (
			);
			dependencies = (
			);
			name = MyAppTemp;
			productName = MyAppTemp;
			productReference = A9FE892419E778E200A8A570 /* MyAppTemp.app */;
			productType = "com.apple.product-type.application";
		};
		A9FE894719E778E200A8A570 /* MyAppTempTests */ = {
			isa = PBXNativeTarget;
			buildConfigurationList = A9FE895C19E778E200A8A570 /* Build configuration list for PBXNativeTarget "MyAppTempTests" */;
			buildPhases = (
				A9FE894419E778E200A8A570 /* Sources */,
				A9FE894519E778E200A8A570 /* Frameworks */,
				A9FE894619E778E200A8A570 /* Resources */,
			);
			buildRules = (
			);
			dependencies = (
				A9FE894E19E778E200A8A570 /* PBXTargetDependency */,
			);
			name = MyAppTempTests;
			productName = MyAppTempTests;
			productReference = A9FE894819E778E200A8A570 /* MyAppTempTests.xctest */;
			productType = "com.apple.product-type.bundle.unit-test";
		};
/* End PBXNativeTarget section */

/* Begin PBXProject section */
		A9FE891C19E778E200A8A570 /* Project object */ = {
			isa = PBXProject;
			attributes = {
				CLASSPREFIX = MP;
				LastUpgradeCheck = 0510;
				ORGANIZATIONNAME = ILDC;
				TargetAttributes = {
					A9FE894719E778E200A8A570 = {
						TestTargetID = A9FE892319E778E200A8A570;
					};
				};
			};
			buildConfigurationList = A9FE891F19E778E200A8A570 /* Build configuration list for PBXProject "MyAppTemp" */;
			compatibilityVersion = "Xcode 3.2";
			developmentRegion = English;
			hasScannedForEncodings = 0;
			knownRegions = (
				en,
				Base,
			);
			mainGroup = A9FE891B19E778E200A8A570;
			productRefGroup = A9FE892519E778E200A8A570 /* Products */;
			projectDirPath = "";
			projectRoot = "";
			targets = (
				A9FE892319E778E200A8A570 /* MyAppTemp */,
				A9FE894719E778E200A8A570 /* MyAppTempTests */,
			);
		};
/* End PBXProject section */

/* Begin PBXResourcesBuildPhase section */
		A9FE892219E778E200A8A570 /* Resources */ = {
			isa = PBXResourcesBuildPhase;
			buildActionMask = 2147483647;
			files = (
				A9FE896A19E7798500A8A570 /* Main_iPhone.storyboard in Resources */,
				A9FE896919E7798500A8A570 /* Main_iPad.storyboard in Resources */,
				A9FE894319E778E200A8A570 /* Images.xcassets in Resources */,
				A9FE893219E778E200A8A570 /* InfoPlist.strings in Resources */,
			);
			runOnlyForDeploymentPostprocessing = 0;
		};
		A9FE894619E778E200A8A570 /* Resources */ = {
			isa = PBXResourcesBuildPhase;
			buildActionMask = 2147483647;
			files = (
				A9FE895419E778E200A8A570 /* InfoPlist.strings in Resources */,
			);
			runOnlyForDeploymentPostprocessing = 0;
		};
/* End PBXResourcesBuildPhase section */

/* Begin PBXSourcesBuildPhase section */
		A9FE892019E778E200A8A570 /* Sources */ = {
			isa = PBXSourcesBuildPhase;
			buildActionMask = 2147483647;
			files = (
				A9FE893419E778E200A8A570 /* main.m in Sources */,
				A9FE894119E778E200A8A570 /* MPViewController.m in Sources */,
				A9FE896E19E779E800A8A570 /* MPSplashViewController.m in Sources */,
				A9FE896519E7794E00A8A570 /* MPAppDelegate.m in Sources */,
			);
			runOnlyForDeploymentPostprocessing = 0;
		};
		A9FE894419E778E200A8A570 /* Sources */ = {
			isa = PBXSourcesBuildPhase;
			buildActionMask = 2147483647;
			files = (
				A9FE895619E778E200A8A570 /* MyAppTempTests.m in Sources */,
			);
			runOnlyForDeploymentPostprocessing = 0;
		};
/* End PBXSourcesBuildPhase section */

/* Begin PBXTargetDependency section */
		A9FE894E19E778E200A8A570 /* PBXTargetDependency */ = {
			isa = PBXTargetDependency;
			target = A9FE892319E778E200A8A570 /* MyAppTemp */;
			targetProxy = A9FE894D19E778E200A8A570 /* PBXContainerItemProxy */;
		};
/* End PBXTargetDependency section */

/* Begin PBXVariantGroup section */
		A9FE893019E778E200A8A570 /* InfoPlist.strings */ = {
			isa = PBXVariantGroup;
			children = (
				A9FE893119E778E200A8A570 /* en */,
			);
			name = InfoPlist.strings;
			sourceTree = "<group>";
		};
		A9FE895219E778E200A8A570 /* InfoPlist.strings */ = {
			isa = PBXVariantGroup;
			children = (
				A9FE895319E778E200A8A570 /* en */,
			);
			name = InfoPlist.strings;
			sourceTree = "<group>";
		};
/* End PBXVariantGroup section */

/* Begin XCBuildConfiguration section */
		A9FE895719E778E200A8A570 /* Debug */ = {
			isa = XCBuildConfiguration;
			buildSettings = {
				ALWAYS_SEARCH_USER_PATHS = NO;
				CLANG_CXX_LANGUAGE_STANDARD = "gnu++0x";
				CLANG_CXX_LIBRARY = "libc++";
				CLANG_ENABLE_MODULES = YES;
				CLANG_ENABLE_OBJC_ARC = YES;
				CLANG_WARN_BOOL_CONVERSION = YES;
				CLANG_WARN_CONSTANT_CONVERSION = YES;
				CLANG_WARN_DIRECT_OBJC_ISA_USAGE = YES_ERROR;
				CLANG_WARN_EMPTY_BODY = YES;
				CLANG_WARN_ENUM_CONVERSION = YES;
				CLANG_WARN_INT_CONVERSION = YES;
				CLANG_WARN_OBJC_ROOT_CLASS = YES_ERROR;
				CLANG_WARN__DUPLICATE_METHOD_MATCH = YES;
				"CODE_SIGN_IDENTITY[sdk=iphoneos*]" = "iPhone Developer";
				COPY_PHASE_STRIP = NO;
				GCC_C_LANGUAGE_STANDARD = gnu99;
				GCC_DYNAMIC_NO_PIC = NO;
				GCC_OPTIMIZATION_LEVEL = 0;
				GCC_PREPROCESSOR_DEFINITIONS = (
					"DEBUG=1",
					"$(inherited)",
				);
				GCC_SYMBOLS_PRIVATE_EXTERN = NO;
				GCC_WARN_64_TO_32_BIT_CONVERSION = YES;
				GCC_WARN_ABOUT_RETURN_TYPE = YES_ERROR;
				GCC_WARN_UNDECLARED_SELECTOR = YES;
				GCC_WARN_UNINITIALIZED_AUTOS = YES_AGGRESSIVE;
				GCC_WARN_UNUSED_FUNCTION = YES;
				GCC_WARN_UNUSED_VARIABLE = YES;
				IPHONEOS_DEPLOYMENT_TARGET = 7.1;
				ONLY_ACTIVE_ARCH = YES;
				SDKROOT = iphoneos;
				TARGETED_DEVICE_FAMILY = "1,2";
			};
			name = Debug;
		};
		A9FE895819E778E200A8A570 /* Release */ = {
			isa = XCBuildConfiguration;
			buildSettings = {
				ALWAYS_SEARCH_USER_PATHS = NO;
				CLANG_CXX_LANGUAGE_STANDARD = "gnu++0x";
				CLANG_CXX_LIBRARY = "libc++";
				CLANG_ENABLE_MODULES = YES;
				CLANG_ENABLE_OBJC_ARC = YES;
				CLANG_WARN_BOOL_CONVERSION = YES;
				CLANG_WARN_CONSTANT_CONVERSION = YES;
				CLANG_WARN_DIRECT_OBJC_ISA_USAGE = YES_ERROR;
				CLANG_WARN_EMPTY_BODY = YES;
				CLANG_WARN_ENUM_CONVERSION = YES;
				CLANG_WARN_INT_CONVERSION = YES;
				CLANG_WARN_OBJC_ROOT_CLASS = YES_ERROR;
				CLANG_WARN__DUPLICATE_METHOD_MATCH = YES;
				"CODE_SIGN_IDENTITY[sdk=iphoneos*]" = "iPhone Developer";
				COPY_PHASE_STRIP = YES;
				ENABLE_NS_ASSERTIONS = NO;
				GCC_C_LANGUAGE_STANDARD = gnu99;
				GCC_WARN_64_TO_32_BIT_CONVERSION = YES;
				GCC_WARN_ABOUT_RETURN_TYPE = YES_ERROR;
				GCC_WARN_UNDECLARED_SELECTOR = YES;
				GCC_WARN_UNINITIALIZED_AUTOS = YES_AGGRESSIVE;
				GCC_WARN_UNUSED_FUNCTION = YES;
				GCC_WARN_UNUSED_VARIABLE = YES;
				IPHONEOS_DEPLOYMENT_TARGET = 7.1;
				SDKROOT = iphoneos;
				TARGETED_DEVICE_FAMILY = "1,2";
				VALIDATE_PRODUCT = YES;
			};
			name = Release;
		};
		A9FE895A19E778E200A8A570 /* Debug */ = {
			isa = XCBuildConfiguration;
			buildSettings = {
				ASSETCATALOG_COMPILER_APPICON_NAME = AppIcon;
				ASSETCATALOG_COMPILER_LAUNCHIMAGE_NAME = LaunchImage;
				GCC_PRECOMPILE_PREFIX_HEADER = YES;
				GCC_PREFIX_HEADER = "MyAppTemp/MyAppTemp-Prefix.pch";
				INFOPLIST_FILE = "MyAppTemp/MyAppTemp-Info.plist";
				IPHONEOS_DEPLOYMENT_TARGET = 7.0;
				PRODUCT_NAME = "$(TARGET_NAME)";
				WRAPPER_EXTENSION = app;
			};
			name = Debug;
		};
		A9FE895B19E778E200A8A570 /* Release */ = {
			isa = XCBuildConfiguration;
			buildSettings = {
				ASSETCATALOG_COMPILER_APPICON_NAME = AppIcon;
				ASSETCATALOG_COMPILER_LAUNCHIMAGE_NAME = LaunchImage;
				GCC_PRECOMPILE_PREFIX_HEADER = YES;
				GCC_PREFIX_HEADER = "MyAppTemp/MyAppTemp-Prefix.pch";
				INFOPLIST_FILE = "MyAppTemp/MyAppTemp-Info.plist";
				IPHONEOS_DEPLOYMENT_TARGET = 7.0;
				PRODUCT_NAME = "$(TARGET_NAME)";
				WRAPPER_EXTENSION = app;
			};
			name = Release;
		};
		A9FE895D19E778E200A8A570 /* Debug */ = {
			isa = XCBuildConfiguration;
			buildSettings = {
				BUNDLE_LOADER = "$(BUILT_PRODUCTS_DIR)/MyAppTemp.app/MyAppTemp";
				FRAMEWORK_SEARCH_PATHS = (
					"$(SDKROOT)/Developer/Library/Frameworks",
					"$(inherited)",
					"$(DEVELOPER_FRAMEWORKS_DIR)",
				);
				GCC_PRECOMPILE_PREFIX_HEADER = YES;
				GCC_PREFIX_HEADER = "MyAppTemp/MyAppTemp-Prefix.pch";
				GCC_PREPROCESSOR_DEFINITIONS = (
					"DEBUG=1",
					"$(inherited)",
				);
				INFOPLIST_FILE = "MyAppTempTests/MyAppTempTests-Info.plist";
				PRODUCT_NAME = "$(TARGET_NAME)";
				TEST_HOST = "$(BUNDLE_LOADER)";
				WRAPPER_EXTENSION = xctest;
			};
			name = Debug;
		};
		A9FE895E19E778E200A8A570 /* Release */ = {
			isa = XCBuildConfiguration;
			buildSettings = {
				BUNDLE_LOADER = "$(BUILT_PRODUCTS_DIR)/MyAppTemp.app/MyAppTemp";
				FRAMEWORK_SEARCH_PATHS = (
					"$(SDKROOT)/Developer/Library/Frameworks",
					"$(inherited)",
					"$(DEVELOPER_FRAMEWORKS_DIR)",
				);
				GCC_PRECOMPILE_PREFIX_HEADER = YES;
				GCC_PREFIX_HEADER = "MyAppTemp/MyAppTemp-Prefix.pch";
				INFOPLIST_FILE = "MyAppTempTests/MyAppTempTests-Info.plist";
				PRODUCT_NAME = "$(TARGET_NAME)";
				TEST_HOST = "$(BUNDLE_LOADER)";
				WRAPPER_EXTENSION = xctest;
			};
			name = Release;
		};
/* End XCBuildConfiguration section */

/* Begin XCConfigurationList section */
		A9FE891F19E778E200A8A570 /* Build configuration list for PBXProject "MyAppTemp" */ = {
			isa = XCConfigurationList;
			buildConfigurations = (
				A9FE895719E778E200A8A570 /* Debug */,
				A9FE895819E778E200A8A570 /* Release */,
			);
			defaultConfigurationIsVisible = 0;
			defaultConfigurationName = Release;
		};
		A9FE895919E778E200A8A570 /* Build configuration list for PBXNativeTarget "MyAppTemp" */ = {
			isa = XCConfigurationList;
			buildConfigurations = (
				A9FE895A19E778E200A8A570 /* Debug */,
				A9FE895B19E778E200A8A570 /* Release */,
			);
			defaultConfigurationIsVisible = 0;
		};
		A9FE895C19E778E200A8A570 /* Build configuration list for PBXNativeTarget "MyAppTempTests" */ = {
			isa = XCConfigurationList;
			buildConfigurations = (
				A9FE895D19E778E200A8A570 /* Debug */,
				A9FE895E19E778E200A8A570 /* Release */,
			);
			defaultConfigurationIsVisible = 0;
		};
/* End XCConfigurationList section */
	};
	rootObject = A9FE891C19E778E200A8A570 /* Project object */;
}
